<Solution>
  <Configurations>
    <BuildType Name="Debug" />
    <BuildType Name="Release" />
    <Platform Name="arm64" />
    <Platform Name="x64" />
  </Configurations>
  <Folder Name="/spikes/">
    <Project Path="spikes/GameWindowHost/GameWindowHost.csproj">
      <Platform Solution="*|arm64" Project="arm64" />
      <Platform Solution="*|x64" Project="x64" />
    </Project>
    <Project Path="spikes/OverlayHarness/OverlayHarness.csproj">
      <Platform Solution="*|arm64" Project="arm64" />
      <Platform Solution="*|x64" Project="x64" />
    </Project>
  </Folder>
  <Folder Name="/src/">
    <Project Path="src/BG3HonorAssistant.App/BG3HonorAssistant.App.csproj">
      <Platform Solution="*|arm64" Project="arm64" />
      <Platform Solution="*|x64" Project="x64" />
    </Project>
    <Project Path="src/BG3HonorAssistant.Core/BG3HonorAssistant.Core.csproj">
      <Platform Solution="*|arm64" Project="arm64" />
      <Platform Solution="*|x64" Project="x64" />
    </Project>
    <Project Path="src/BG3HonorAssistant.Infrastructure/BG3HonorAssistant.Infrastructure.csproj">
      <Platform Solution="*|arm64" Project="arm64" />
      <Platform Solution="*|x64" Project="x64" />
    </Project>
    <Project Path="src/BG3HonorAssistant.Windows/BG3HonorAssistant.Windows.csproj">
      <Platform Solution="*|arm64" Project="arm64" />
      <Platform Solution="*|x64" Project="x64" />
    </Project>
  </Folder>
  <Folder Name="/tests/">
    <Project Path="tests/BG3HonorAssistant.App.Tests/BG3HonorAssistant.App.Tests.csproj">
      <Platform Solution="*|arm64" Project="arm64" />
      <Platform Solution="*|x64" Project="x64" />
    </Project>
    <Project Path="tests/BG3HonorAssistant.Core.Tests/BG3HonorAssistant.Core.Tests.csproj">
      <Platform Solution="*|arm64" Project="arm64" />
      <Platform Solution="*|x64" Project="x64" />
    </Project>
    <Project Path="tests/BG3HonorAssistant.Infrastructure.Tests/BG3HonorAssistant.Infrastructure.Tests.csproj">
      <Platform Solution="*|arm64" Project="arm64" />
      <Platform Solution="*|x64" Project="x64" />
    </Project>
    <Project Path="tests/BG3HonorAssistant.Package.Tests/BG3HonorAssistant.Package.Tests.csproj">
      <Platform Solution="*|arm64" Project="arm64" />
      <Platform Solution="*|x64" Project="x64" />
    </Project>
    <Project Path="tests/BG3HonorAssistant.Windows.Tests/BG3HonorAssistant.Windows.Tests.csproj">
      <Platform Solution="*|arm64" Project="arm64" />
      <Platform Solution="*|x64" Project="x64" />
    </Project>
  </Folder>
</Solution>
