{
  "version": 2,
  "dependencies": {
    "net10.0-windows10.0.26100": {
      "Microsoft.Data.Sqlite.Core": {
        "type": "Transitive",
        "resolved": "10.0.10",
        "contentHash": "TPCs0ldm7AWqcKmp6f/Xr+14sat7hx4rHfRlS4RgCURBH2thEWbAKEyX7cCWr63zVJVOJIJZTg2cBiUXa8ys6g==",
        "dependencies": {
          "SQLitePCLRaw.core": "2.1.11"
        }
      },
      "SourceGear.sqlite3": {
        "type": "Transitive",
        "resolved": "3.53.3",
        "contentHash": "PaDT7JwQ00HmXZT1xSGSC0c24A5lVpJYHMrXBuJATdpB2t0nf4Kq9HyPaZhxVW0elPq4XI1s5BLh7qLuObmzFA=="
      },
      "SQLitePCLRaw.config.e_sqlite3": {
        "type": "Transitive",
        "resolved": "3.0.4",
        "contentHash": "W2HMmjAZ1v27fbyzZtONCdC8Ma/tTr5wLAIr4Iq7T4oKrYaI4occJ5TBhSdK4pltwBJLQBG5DcQMz+/w9X4bbg==",
        "dependencies": {
          "SQLitePCLRaw.provider.e_sqlite3": "3.0.4"
        }
      },
      "SQLitePCLRaw.core": {
        "type": "Transitive",
        "resolved": "3.0.4",
        "contentHash": "cOjxfdjE4zQDvDVDUBfucKGXEaYos4l4l+TVwePJEHp/nl9fkgBz/lIVgfMH5dOyKRmNi6RsptUGtZsvsD7iYQ=="
      },
      "SQLitePCLRaw.provider.e_sqlite3": {
        "type": "Transitive",
        "resolved": "3.0.4",
        "contentHash": "L4uiEKeRSXxppkGE4iSpgBgC5lNvw2zEN/hAaxTecUS1+DhC6UEFhHaakSYYvnFq7x16B7DQcaXgXy0SkhSwnw==",
        "dependencies": {
          "SQLitePCLRaw.core": "3.0.4"
        }
      },
      "bg3honorassistant.core": {
        "type": "Project"
      },
      "bg3honorassistant.infrastructure": {
        "type": "Project",
        "dependencies": {
          "AngleSharp": "[1.5.2, )",
          "BG3HonorAssistant.Core": "[1.0.0, )",
          "Microsoft.Data.Sqlite": "[10.0.10, )",
          "PdfPig": "[0.1.15, )",
          "SQLitePCLRaw.bundle_e_sqlite3": "[3.0.4, )"
        }
      },
      "bg3honorassistant.windows": {
        "type": "Project",
        "dependencies": {
          "BG3HonorAssistant.Core": "[1.0.0, )"
        }
      },
      "AngleSharp": {
        "type": "CentralTransitive",
        "requested": "[1.5.2, )",
        "resolved": "1.5.2",
        "contentHash": "LVZ7rrr6GHbhERhTgVDarVygl1e6KwE96pronA90LBOMacDhxR4lB+xYLjn/vlnUu+xbOB2RM9fuCPEx5bdyWA=="
      },
      "Microsoft.Data.Sqlite": {
        "type": "CentralTransitive",
        "requested": "[10.0.10, )",
        "resolved": "10.0.10",
        "contentHash": "58JwZ39lCvRXHfV5O6RQfbHEDu8ZsXI7weRoVRR4jrGRxxkS+qyeuGrN2xD+9VYEICApYr0iTSL6PuU+DdsvPg==",
        "dependencies": {
          "Microsoft.Data.Sqlite.Core": "10.0.10",
          "SQLitePCLRaw.bundle_e_sqlite3": "2.1.11",
          "SQLitePCLRaw.core": "2.1.11"
        }
      },
      "PdfPig": {
        "type": "CentralTransitive",
        "requested": "[0.1.15, )",
        "resolved": "0.1.15",
        "contentHash": "Bf0NO4o2ZSVnemMyj21KDU1sfSgmamFC0pD4aAv19CDNXQsoO1Z6O99gNqpiK/XWWZ5d5i7JkQoT7PUBxEPz5g=="
      },
      "SQLitePCLRaw.bundle_e_sqlite3": {
        "type": "CentralTransitive",
        "requested": "[3.0.4, )",
        "resolved": "3.0.4",
        "contentHash": "gg8vENKV/o0pWLI0eJxnTA4X9e63rOvzkCDMAOePDGLieNSHPCGUiJ4CQDqDyNqIf6IPVzD4TOjqY5ACygZkkA==",
        "dependencies": {
          "SQLitePCLRaw.config.e_sqlite3": "3.0.4",
          "SourceGear.sqlite3": "3.53.3"
        }
      }
    },
    "net10.0-windows10.0.26100/win-arm64": {
      "SourceGear.sqlite3": {
        "type": "Transitive",
        "resolved": "3.53.3",
        "contentHash": "PaDT7JwQ00HmXZT1xSGSC0c24A5lVpJYHMrXBuJATdpB2t0nf4Kq9HyPaZhxVW0elPq4XI1s5BLh7qLuObmzFA=="
      }
    },
    "net10.0-windows10.0.26100/win-x64": {
      "SourceGear.sqlite3": {
        "type": "Transitive",
        "resolved": "3.53.3",
        "contentHash": "PaDT7JwQ00HmXZT1xSGSC0c24A5lVpJYHMrXBuJATdpB2t0nf4Kq9HyPaZhxVW0elPq4XI1s5BLh7qLuObmzFA=="
      }
    }
  }
}